
Microsoft Visual Studio Solution File, Format Version 12.00
# Visual Studio Version 16
VisualStudioVersion = 16.0.29102.190
MinimumVisualStudioVersion = 10.0.40219.1
Project("{9A19103F-16F7-4668-BE54-9A1E7A4F7556}") = "Users.WebAPI", "Users.WebAPI\Users.WebAPI.csproj", "{125F526A-CC79-41DF-9F9C-6449F9C4461F}"
EndProject
Project("{9A19103F-16F7-4668-BE54-9A1E7A4F7556}") = "Users.UnitTest", "Users.UnitTest\Users.UnitTest.csproj", "{64C81FCF-D7AE-459C-85A4-8C7E4D033A64}"
EndProject
Project("{FAE04EC0-301F-11D3-BF4B-00C04F79EFBC}") = "Users.Models", "Users.Models\Users.Models.csproj", "{F9B62C1E-E6F5-40FA-88F3-0EA356719F9F}"
EndProject
Project("{FAE04EC0-301F-11D3-BF4B-00C04F79EFBC}") = "Users.DbAccess", "Users.DbAccess\Users.DbAccess.csproj", "{3DD638E9-1A81-47E4-B0B6-E87A7D1CD7DC}"
EndProject
Project("{FAE04EC0-301F-11D3-BF4B-00C04F79EFBC}") = "Users.BusinessLayer", "Users.BusinessLayer\Users.BusinessLayer.csproj", "{5CA43C04-979A-43AE-BD00-15C55BC255E8}"
EndProject
Global
	GlobalSection(SolutionConfigurationPlatforms) = preSolution
		Debug|Any CPU = Debug|Any CPU
		Release|Any CPU = Release|Any CPU
	EndGlobalSection
	GlobalSection(ProjectConfigurationPlatforms) = postSolution
		{125F526A-CC79-41DF-9F9C-6449F9C4461F}.Debug|Any CPU.ActiveCfg = Debug|Any CPU
		{125F526A-CC79-41DF-9F9C-6449F9C4461F}.Debug|Any CPU.Build.0 = Debug|Any CPU
		{125F526A-CC79-41DF-9F9C-6449F9C4461F}.Release|Any CPU.ActiveCfg = Release|Any CPU
		{125F526A-CC79-41DF-9F9C-6449F9C4461F}.Release|Any CPU.Build.0 = Release|Any CPU
		{64C81FCF-D7AE-459C-85A4-8C7E4D033A64}.Debug|Any CPU.ActiveCfg = Debug|Any CPU
		{64C81FCF-D7AE-459C-85A4-8C7E4D033A64}.Debug|Any CPU.Build.0 = Debug|Any CPU
		{64C81FCF-D7AE-459C-85A4-8C7E4D033A64}.Release|Any CPU.ActiveCfg = Release|Any CPU
		{64C81FCF-D7AE-459C-85A4-8C7E4D033A64}.Release|Any CPU.Build.0 = Release|Any CPU
		{F9B62C1E-E6F5-40FA-88F3-0EA356719F9F}.Debug|Any CPU.ActiveCfg = Debug|Any CPU
		{F9B62C1E-E6F5-40FA-88F3-0EA356719F9F}.Debug|Any CPU.Build.0 = Debug|Any CPU
		{F9B62C1E-E6F5-40FA-88F3-0EA356719F9F}.Release|Any CPU.ActiveCfg = Release|Any CPU
		{F9B62C1E-E6F5-40FA-88F3-0EA356719F9F}.Release|Any CPU.Build.0 = Release|Any CPU
		{3DD638E9-1A81-47E4-B0B6-E87A7D1CD7DC}.Debug|Any CPU.ActiveCfg = Debug|Any CPU
		{3DD638E9-1A81-47E4-B0B6-E87A7D1CD7DC}.Debug|Any CPU.Build.0 = Debug|Any CPU
		{3DD638E9-1A81-47E4-B0B6-E87A7D1CD7DC}.Release|Any CPU.ActiveCfg = Release|Any CPU
		{3DD638E9-1A81-47E4-B0B6-E87A7D1CD7DC}.Release|Any CPU.Build.0 = Release|Any CPU
		{5CA43C04-979A-43AE-BD00-15C55BC255E8}.Debug|Any CPU.ActiveCfg = Debug|Any CPU
		{5CA43C04-979A-43AE-BD00-15C55BC255E8}.Debug|Any CPU.Build.0 = Debug|Any CPU
		{5CA43C04-979A-43AE-BD00-15C55BC255E8}.Release|Any CPU.ActiveCfg = Release|Any CPU
		{5CA43C04-979A-43AE-BD00-15C55BC255E8}.Release|Any CPU.Build.0 = Release|Any CPU
	EndGlobalSection
	GlobalSection(SolutionProperties) = preSolution
		HideSolutionNode = FALSE
	EndGlobalSection
	GlobalSection(ExtensibilityGlobals) = postSolution
		SolutionGuid = {134720A5-EB23-4225-925D-F67DD66D8BF1}
	EndGlobalSection
EndGlobal
